
Microsoft Visual Studio Solution File, Format Version 12.00
# Visual Studio 15
VisualStudioVersion = 15.0.27703.2035
MinimumVisualStudioVersion = 10.0.40219.1
Project("{8BC9CEB8-8B4A-11D0-8D11-00A0C91BC942}") = "T8ZoneRipper", "T8ZoneRipper\T8ZoneRipper.vcxproj", "{1AEE0CCB-9914-40B9-840D-0C950866A94D}"
EndProject
Project("{8BC9CEB8-8B4A-11D0-8D11-00A0C91BC942}") = "CascLib", "..\CascLib\CascLib_vs17.vcxproj", "{78424708-1F6E-4D4B-920C-FB6D26847055}"
EndProject
Global
	GlobalSection(SolutionConfigurationPlatforms) = preSolution
		Debug|x64 = Debug|x64
		Debug|x86 = Debug|x86
		DebugAD|x64 = DebugAD|x64
		DebugAD|x86 = DebugAD|x86
		DebugAS|x64 = DebugAS|x64
		DebugAS|x86 = DebugAS|x86
		DebugUD|x64 = DebugUD|x64
		DebugUD|x86 = DebugUD|x86
		DebugUS|x64 = DebugUS|x64
		DebugUS|x86 = DebugUS|x86
		Fast|x64 = Fast|x64
		Fast|x86 = Fast|x86
		Release|x64 = Release|x64
		Release|x86 = Release|x86
		ReleaseAD|x64 = ReleaseAD|x64
		ReleaseAD|x86 = ReleaseAD|x86
		ReleaseAS|x64 = ReleaseAS|x64
		ReleaseAS|x86 = ReleaseAS|x86
		ReleaseUD|x64 = ReleaseUD|x64
		ReleaseUD|x86 = ReleaseUD|x86
		ReleaseUS|x64 = ReleaseUS|x64
		ReleaseUS|x86 = ReleaseUS|x86
	EndGlobalSection
	GlobalSection(ProjectConfigurationPlatforms) = postSolution
		{1AEE0CCB-9914-40B9-840D-0C950866A94D}.Debug|x64.ActiveCfg = Debug|x64
		{1AEE0CCB-9914-40B9-840D-0C950866A94D}.Debug|x64.Build.0 = Debug|x64
		{1AEE0CCB-9914-40B9-840D-0C950866A94D}.Debug|x86.ActiveCfg = Debug|Win32
		{1AEE0CCB-9914-40B9-840D-0C950866A94D}.Debug|x86.Build.0 = Debug|Win32
		{1AEE0CCB-9914-40B9-840D-0C950866A94D}.DebugAD|x64.ActiveCfg = Debug|x64
		{1AEE0CCB-9914-40B9-840D-0C950866A94D}.DebugAD|x64.Build.0 = Debug|x64
		{1AEE0CCB-9914-40B9-840D-0C950866A94D}.DebugAD|x86.ActiveCfg = Debug|Win32
		{1AEE0CCB-9914-40B9-840D-0C950866A94D}.DebugAD|x86.Build.0 = Debug|Win32
		{1AEE0CCB-9914-40B9-840D-0C950866A94D}.DebugAS|x64.ActiveCfg = Debug|x64
		{1AEE0CCB-9914-40B9-840D-0C950866A94D}.DebugAS|x64.Build.0 = Debug|x64
		{1AEE0CCB-9914-40B9-840D-0C950866A94D}.DebugAS|x86.ActiveCfg = Debug|Win32
		{1AEE0CCB-9914-40B9-840D-0C950866A94D}.DebugAS|x86.Build.0 = Debug|Win32
		{1AEE0CCB-9914-40B9-840D-0C950866A94D}.DebugUD|x64.ActiveCfg = Debug|x64
		{1AEE0CCB-9914-40B9-840D-0C950866A94D}.DebugUD|x64.Build.0 = Debug|x64
		{1AEE0CCB-9914-40B9-840D-0C950866A94D}.DebugUD|x86.ActiveCfg = Debug|Win32
		{1AEE0CCB-9914-40B9-840D-0C950866A94D}.DebugUD|x86.Build.0 = Debug|Win32
		{1AEE0CCB-9914-40B9-840D-0C950866A94D}.DebugUS|x64.ActiveCfg = Debug|x64
		{1AEE0CCB-9914-40B9-840D-0C950866A94D}.DebugUS|x64.Build.0 = Debug|x64
		{1AEE0CCB-9914-40B9-840D-0C950866A94D}.DebugUS|x86.ActiveCfg = Debug|Win32
		{1AEE0CCB-9914-40B9-840D-0C950866A94D}.DebugUS|x86.Build.0 = Debug|Win32
		{1AEE0CCB-9914-40B9-840D-0C950866A94D}.Fast|x64.ActiveCfg = Release|x64
		{1AEE0CCB-9914-40B9-840D-0C950866A94D}.Fast|x64.Build.0 = Release|x64
		{1AEE0CCB-9914-40B9-840D-0C950866A94D}.Fast|x86.ActiveCfg = Release|Win32
		{1AEE0CCB-9914-40B9-840D-0C950866A94D}.Fast|x86.Build.0 = Release|Win32
		{1AEE0CCB-9914-40B9-840D-0C950866A94D}.Release|x64.ActiveCfg = Release|x64
		{1AEE0CCB-9914-40B9-840D-0C950866A94D}.Release|x64.Build.0 = Release|x64
		{1AEE0CCB-9914-40B9-840D-0C950866A94D}.Release|x86.ActiveCfg = Release|Win32
		{1AEE0CCB-9914-40B9-840D-0C950866A94D}.Release|x86.Build.0 = Release|Win32
		{1AEE0CCB-9914-40B9-840D-0C950866A94D}.ReleaseAD|x64.ActiveCfg = Release|x64
		{1AEE0CCB-9914-40B9-840D-0C950866A94D}.ReleaseAD|x64.Build.0 = Release|x64
		{1AEE0CCB-9914-40B9-840D-0C950866A94D}.ReleaseAD|x86.ActiveCfg = Release|Win32
		{1AEE0CCB-9914-40B9-840D-0C950866A94D}.ReleaseAD|x86.Build.0 = Release|Win32
		{1AEE0CCB-9914-40B9-840D-0C950866A94D}.ReleaseAS|x64.ActiveCfg = Release|x64
		{1AEE0CCB-9914-40B9-840D-0C950866A94D}.ReleaseAS|x64.Build.0 = Release|x64
		{1AEE0CCB-9914-40B9-840D-0C950866A94D}.ReleaseAS|x86.ActiveCfg = Release|Win32
		{1AEE0CCB-9914-40B9-840D-0C950866A94D}.ReleaseAS|x86.Build.0 = Release|Win32
		{1AEE0CCB-9914-40B9-840D-0C950866A94D}.ReleaseUD|x64.ActiveCfg = Release|x64
		{1AEE0CCB-9914-40B9-840D-0C950866A94D}.ReleaseUD|x64.Build.0 = Release|x64
		{1AEE0CCB-9914-40B9-840D-0C950866A94D}.ReleaseUD|x86.ActiveCfg = Release|Win32
		{1AEE0CCB-9914-40B9-840D-0C950866A94D}.ReleaseUD|x86.Build.0 = Release|Win32
		{1AEE0CCB-9914-40B9-840D-0C950866A94D}.ReleaseUS|x64.ActiveCfg = Release|x64
		{1AEE0CCB-9914-40B9-840D-0C950866A94D}.ReleaseUS|x64.Build.0 = Release|x64
		{1AEE0CCB-9914-40B9-840D-0C950866A94D}.ReleaseUS|x86.ActiveCfg = Release|Win32
		{1AEE0CCB-9914-40B9-840D-0C950866A94D}.ReleaseUS|x86.Build.0 = Release|Win32
		{78424708-1F6E-4D4B-920C-FB6D26847055}.Debug|x64.ActiveCfg = DebugAD|x64
		{78424708-1F6E-4D4B-920C-FB6D26847055}.Debug|x64.Build.0 = DebugAD|x64
		{78424708-1F6E-4D4B-920C-FB6D26847055}.Debug|x86.ActiveCfg = DebugUD|Win32
		{78424708-1F6E-4D4B-920C-FB6D26847055}.Debug|x86.Build.0 = DebugUD|Win32
		{78424708-1F6E-4D4B-920C-FB6D26847055}.DebugAD|x64.ActiveCfg = DebugAD|x64
		{78424708-1F6E-4D4B-920C-FB6D26847055}.DebugAD|x64.Build.0 = DebugAD|x64
		{78424708-1F6E-4D4B-920C-FB6D26847055}.DebugAD|x86.ActiveCfg = DebugAD|Win32
		{78424708-1F6E-4D4B-920C-FB6D26847055}.DebugAD|x86.Build.0 = DebugAD|Win32
		{78424708-1F6E-4D4B-920C-FB6D26847055}.DebugAS|x64.ActiveCfg = DebugAS|x64
		{78424708-1F6E-4D4B-920C-FB6D26847055}.DebugAS|x64.Build.0 = DebugAS|x64
		{78424708-1F6E-4D4B-920C-FB6D26847055}.DebugAS|x86.ActiveCfg = DebugAS|Win32
		{78424708-1F6E-4D4B-920C-FB6D26847055}.DebugAS|x86.Build.0 = DebugAS|Win32
		{78424708-1F6E-4D4B-920C-FB6D26847055}.DebugUD|x64.ActiveCfg = DebugUD|x64
		{78424708-1F6E-4D4B-920C-FB6D26847055}.DebugUD|x64.Build.0 = DebugUD|x64
		{78424708-1F6E-4D4B-920C-FB6D26847055}.DebugUD|x86.ActiveCfg = DebugUD|Win32
		{78424708-1F6E-4D4B-920C-FB6D26847055}.DebugUD|x86.Build.0 = DebugUD|Win32
		{78424708-1F6E-4D4B-920C-FB6D26847055}.DebugUS|x64.ActiveCfg = DebugUS|x64
		{78424708-1F6E-4D4B-920C-FB6D26847055}.DebugUS|x64.Build.0 = DebugUS|x64
		{78424708-1F6E-4D4B-920C-FB6D26847055}.DebugUS|x86.ActiveCfg = DebugUS|Win32
		{78424708-1F6E-4D4B-920C-FB6D26847055}.DebugUS|x86.Build.0 = DebugUS|Win32
		{78424708-1F6E-4D4B-920C-FB6D26847055}.Fast|x64.ActiveCfg = ReleaseAD|x64
		{78424708-1F6E-4D4B-920C-FB6D26847055}.Fast|x64.Build.0 = ReleaseAD|x64
		{78424708-1F6E-4D4B-920C-FB6D26847055}.Fast|x86.ActiveCfg = ReleaseUS|Win32
		{78424708-1F6E-4D4B-920C-FB6D26847055}.Fast|x86.Build.0 = ReleaseUS|Win32
		{78424708-1F6E-4D4B-920C-FB6D26847055}.Release|x64.ActiveCfg = ReleaseAD|x64
		{78424708-1F6E-4D4B-920C-FB6D26847055}.Release|x64.Build.0 = ReleaseAD|x64
		{78424708-1F6E-4D4B-920C-FB6D26847055}.Release|x86.ActiveCfg = ReleaseUS|Win32
		{78424708-1F6E-4D4B-920C-FB6D26847055}.Release|x86.Build.0 = ReleaseUS|Win32
		{78424708-1F6E-4D4B-920C-FB6D26847055}.ReleaseAD|x64.ActiveCfg = ReleaseAD|x64
		{78424708-1F6E-4D4B-920C-FB6D26847055}.ReleaseAD|x64.Build.0 = ReleaseAD|x64
		{78424708-1F6E-4D4B-920C-FB6D26847055}.ReleaseAD|x86.ActiveCfg = ReleaseAD|Win32
		{78424708-1F6E-4D4B-920C-FB6D26847055}.ReleaseAD|x86.Build.0 = ReleaseAD|Win32
		{78424708-1F6E-4D4B-920C-FB6D26847055}.ReleaseAS|x64.ActiveCfg = ReleaseAS|x64
		{78424708-1F6E-4D4B-920C-FB6D26847055}.ReleaseAS|x64.Build.0 = ReleaseAS|x64
		{78424708-1F6E-4D4B-920C-FB6D26847055}.ReleaseAS|x86.ActiveCfg = ReleaseAS|Win32
		{78424708-1F6E-4D4B-920C-FB6D26847055}.ReleaseAS|x86.Build.0 = ReleaseAS|Win32
		{78424708-1F6E-4D4B-920C-FB6D26847055}.ReleaseUD|x64.ActiveCfg = ReleaseUD|x64
		{78424708-1F6E-4D4B-920C-FB6D26847055}.ReleaseUD|x64.Build.0 = ReleaseUD|x64
		{78424708-1F6E-4D4B-920C-FB6D26847055}.ReleaseUD|x86.ActiveCfg = ReleaseUD|Win32
		{78424708-1F6E-4D4B-920C-FB6D26847055}.ReleaseUD|x86.Build.0 = ReleaseUD|Win32
		{78424708-1F6E-4D4B-920C-FB6D26847055}.ReleaseUS|x64.ActiveCfg = ReleaseUS|x64
		{78424708-1F6E-4D4B-920C-FB6D26847055}.ReleaseUS|x64.Build.0 = ReleaseUS|x64
		{78424708-1F6E-4D4B-920C-FB6D26847055}.ReleaseUS|x86.ActiveCfg = ReleaseUS|Win32
		{78424708-1F6E-4D4B-920C-FB6D26847055}.ReleaseUS|x86.Build.0 = ReleaseUS|Win32
	EndGlobalSection
	GlobalSection(SolutionProperties) = preSolution
		HideSolutionNode = FALSE
	EndGlobalSection
	GlobalSection(ExtensibilityGlobals) = postSolution
		SolutionGuid = {1259516D-BA61-4EFE-80D5-363405CF5170}
	EndGlobalSection
EndGlobal
